// !$*UTF8*$!
{
	archiveVersion = 1;
	classes = {
	};
	objectVersion = 48;
	objects = {

/* Begin PBXBuildFile section */
		591B53022007DD6D00BDBC16 /* RosMessages.c in Sources */ = {isa = PBXBuildFile; fileRef = 591B53012007DD6D00BDBC16 /* RosMessages.c */; };
		591B53052007DED600BDBC16 /* TurtleBotSerial.c in Sources */ = {isa = PBXBuildFile; fileRef = 591B53042007DED600BDBC16 /* TurtleBotSerial.c */; };
		591B53082008B4C100BDBC16 /* main.c in Sources */ = {isa = PBXBuildFile; fileRef = 591B53072008B4C000BDBC16 /* main.c */; };
		59AB111E200632800030AFC0 /* libGroundBase.dylib in Frameworks */ = {isa = PBXBuildFile; fileRef = 59AB111D200632800030AFC0 /* libGroundBase.dylib */; };
/* End PBXBuildFile section */

/* Begin PBXCopyFilesBuildPhase section */
		59AB11102006323E0030AFC0 /* CopyFiles */ = {
			isa = PBXCopyFilesBuildPhase;
			buildActionMask = 2147483647;
			dstPath = /usr/share/man/man1/;
			dstSubfolderSpec = 0;
			files = (
			);
			runOnlyForDeploymentPostprocessing = 1;
		};
/* End PBXCopyFilesBuildPhase section */

/* Begin PBXFileReference section */
		591B53002007CD9700BDBC16 /* RosMessages.h */ = {isa = PBXFileReference; lastKnownFileType = sourcecode.c.h; path = RosMessages.h; sourceTree = "<group>"; };
		591B53012007DD6D00BDBC16 /* RosMessages.c */ = {isa = PBXFileReference; lastKnownFileType = sourcecode.c.c; path = RosMessages.c; sourceTree = "<group>"; };
		591B53032007DED600BDBC16 /* TurtleBotSerial.h */ = {isa = PBXFileReference; lastKnownFileType = sourcecode.c.h; path = TurtleBotSerial.h; sourceTree = "<group>"; };
		591B53042007DED600BDBC16 /* TurtleBotSerial.c */ = {isa = PBXFileReference; lastKnownFileType = sourcecode.c.c; path = TurtleBotSerial.c; sourceTree = "<group>"; };
		591B53072008B4C000BDBC16 /* main.c */ = {isa = PBXFileReference; fileEncoding = 4; lastKnownFileType = sourcecode.c.c; path = main.c; sourceTree = "<group>"; };
		59AB11122006323E0030AFC0 /* TurtleBotController */ = {isa = PBXFileReference; explicitFileType = "compiled.mach-o.executable"; includeInIndex = 0; path = TurtleBotController; sourceTree = BUILT_PRODUCTS_DIR; };
		59AB111D200632800030AFC0 /* libGroundBase.dylib */ = {isa = PBXFileReference; lastKnownFileType = "compiled.mach-o.dylib"; name = libGroundBase.dylib; path = ../../../../../../../usr/local/lib/libGroundBase.dylib; sourceTree = "<group>"; };
/* End PBXFileReference section */

/* Begin PBXFrameworksBuildPhase section */
		59AB110F2006323E0030AFC0 /* Frameworks */ = {
			isa = PBXFrameworksBuildPhase;
			buildActionMask = 2147483647;
			files = (
				59AB111E200632800030AFC0 /* libGroundBase.dylib in Frameworks */,
			);
			runOnlyForDeploymentPostprocessing = 0;
		};
/* End PBXFrameworksBuildPhase section */

/* Begin PBXGroup section */
		591B52FD2007CAD200BDBC16 /* src */ = {
			isa = PBXGroup;
			children = (
				591B53032007DED600BDBC16 /* TurtleBotSerial.h */,
				591B53042007DED600BDBC16 /* TurtleBotSerial.c */,
				591B53002007CD9700BDBC16 /* RosMessages.h */,
				591B53012007DD6D00BDBC16 /* RosMessages.c */,
			);
			path = src;
			sourceTree = "<group>";
		};
		591B53062008B4C000BDBC16 /* example */ = {
			isa = PBXGroup;
			children = (
				591B53072008B4C000BDBC16 /* main.c */,
			);
			path = example;
			sourceTree = "<group>";
		};
		59AB11092006323E0030AFC0 = {
			isa = PBXGroup;
			children = (
				591B53062008B4C000BDBC16 /* example */,
				591B52FD2007CAD200BDBC16 /* src */,
				59AB11132006323E0030AFC0 /* Products */,
				59AB111C2006327F0030AFC0 /* Frameworks */,
			);
			sourceTree = "<group>";
		};
		59AB11132006323E0030AFC0 /* Products */ = {
			isa = PBXGroup;
			children = (
				59AB11122006323E0030AFC0 /* TurtleBotController */,
			);
			name = Products;
			sourceTree = "<group>";
		};
		59AB111C2006327F0030AFC0 /* Frameworks */ = {
			isa = PBXGroup;
			children = (
				59AB111D200632800030AFC0 /* libGroundBase.dylib */,
			);
			name = Frameworks;
			sourceTree = "<group>";
		};
/* End PBXGroup section */

/* Begin PBXNativeTarget section */
		59AB11112006323E0030AFC0 /* TurtleBotController */ = {
			isa = PBXNativeTarget;
			buildConfigurationList = 59AB11192006323E0030AFC0 /* Build configuration list for PBXNativeTarget "TurtleBotController" */;
			buildPhases = (
				59AB110E2006323E0030AFC0 /* Sources */,
				59AB110F2006323E0030AFC0 /* Frameworks */,
				59AB11102006323E0030AFC0 /* CopyFiles */,
			);
			buildRules = (
			);
			dependencies = (
			);
			name = TurtleBotController;
			productName = TurtleBotController;
			productReference = 59AB11122006323E0030AFC0 /* TurtleBotController */;
			productType = "com.apple.product-type.tool";
		};
/* End PBXNativeTarget section */

/* Begin PBXProject section */
		59AB110A2006323E0030AFC0 /* Project object */ = {
			isa = PBXProject;
			attributes = {
				LastUpgradeCheck = 0920;
				ORGANIZATIONNAME = "Manuel Deneu";
				TargetAttributes = {
					59AB11112006323E0030AFC0 = {
						CreatedOnToolsVersion = 9.2;
						ProvisioningStyle = Automatic;
					};
				};
			};
			buildConfigurationList = 59AB110D2006323E0030AFC0 /* Build configuration list for PBXProject "TurtleBotController" */;
			compatibilityVersion = "Xcode 8.0";
			developmentRegion = en;
			hasScannedForEncodings = 0;
			knownRegions = (
				en,
			);
			mainGroup = 59AB11092006323E0030AFC0;
			productRefGroup = 59AB11132006323E0030AFC0 /* Products */;
			projectDirPath = "";
			projectRoot = "";
			targets = (
				59AB11112006323E0030AFC0 /* TurtleBotController */,
			);
		};
/* End PBXProject section */

/* Begin PBXSourcesBuildPhase section */
		59AB110E2006323E0030AFC0 /* Sources */ = {
			isa = PBXSourcesBuildPhase;
			buildActionMask = 2147483647;
			files = (
				591B53082008B4C100BDBC16 /* main.c in Sources */,
				591B53022007DD6D00BDBC16 /* RosMessages.c in Sources */,
				591B53052007DED600BDBC16 /* TurtleBotSerial.c in Sources */,
			);
			runOnlyForDeploymentPostprocessing = 0;
		};
/* End PBXSourcesBuildPhase section */

/* Begin XCBuildConfiguration section */
		59AB11172006323E0030AFC0 /* Debug */ = {
			isa = XCBuildConfiguration;
			buildSettings = {
				ALWAYS_SEARCH_USER_PATHS = NO;
				CLANG_ANALYZER_NONNULL = YES;
				CLANG_ANALYZER_NUMBER_OBJECT_CONVERSION = YES_AGGRESSIVE;
				CLANG_CXX_LANGUAGE_STANDARD = "gnu++14";
				CLANG_CXX_LIBRARY = "libc++";
				CLANG_ENABLE_MODULES = YES;
				CLANG_ENABLE_OBJC_ARC = YES;
				CLANG_WARN_BLOCK_CAPTURE_AUTORELEASING = YES;
				CLANG_WARN_BOOL_CONVERSION = YES;
				CLANG_WARN_COMMA = YES;
				CLANG_WARN_CONSTANT_CONVERSION = YES;
				CLANG_WARN_DIRECT_OBJC_ISA_USAGE = YES_ERROR;
				CLANG_WARN_DOCUMENTATION_COMMENTS = YES;
				CLANG_WARN_EMPTY_BODY = YES;
				CLANG_WARN_ENUM_CONVERSION = YES;
				CLANG_WARN_INFINITE_RECURSION = YES;
				CLANG_WARN_INT_CONVERSION = YES;
				CLANG_WARN_NON_LITERAL_NULL_CONVERSION = YES;
				CLANG_WARN_OBJC_LITERAL_CONVERSION = YES;
				CLANG_WARN_OBJC_ROOT_CLASS = YES_ERROR;
				CLANG_WARN_RANGE_LOOP_ANALYSIS = YES;
				CLANG_WARN_STRICT_PROTOTYPES = YES;
				CLANG_WARN_SUSPICIOUS_MOVE = YES;
				CLANG_WARN_UNGUARDED_AVAILABILITY = YES_AGGRESSIVE;
				CLANG_WARN_UNREACHABLE_CODE = YES;
				CLANG_WARN__DUPLICATE_METHOD_MATCH = YES;
				CODE_SIGN_IDENTITY = "-";
				COPY_PHASE_STRIP = NO;
				DEBUG_INFORMATION_FORMAT = dwarf;
				ENABLE_STRICT_OBJC_MSGSEND = YES;
				ENABLE_TESTABILITY = YES;
				GCC_C_LANGUAGE_STANDARD = gnu11;
				GCC_DYNAMIC_NO_PIC = NO;
				GCC_NO_COMMON_BLOCKS = YES;
				GCC_OPTIMIZATION_LEVEL = 0;
				GCC_PREPROCESSOR_DEFINITIONS = (
					"DEBUG=1",
					"$(inherited)",
				);
				GCC_WARN_64_TO_32_BIT_CONVERSION = YES;
				GCC_WARN_ABOUT_RETURN_TYPE = YES_ERROR;
				GCC_WARN_UNDECLARED_SELECTOR = YES;
				GCC_WARN_UNINITIALIZED_AUTOS = YES_AGGRESSIVE;
				GCC_WARN_UNUSED_FUNCTION = YES;
				GCC_WARN_UNUSED_VARIABLE = YES;
				HEADER_SEARCH_PATHS = /usr/local/include/GroundBase/;
				LIBRARY_SEARCH_PATHS = /usr/local/lib/;
				MACOSX_DEPLOYMENT_TARGET = 10.13;
				MTL_ENABLE_DEBUG_INFO = YES;
				ONLY_ACTIVE_ARCH = YES;
				SDKROOT = macosx;
			};
			name = Debug;
		};
		59AB11182006323E0030AFC0 /* Release */ = {
			isa = XCBuildConfiguration;
			buildSettings = {
				ALWAYS_SEARCH_USER_PATHS = NO;
				CLANG_ANALYZER_NONNULL = YES;
				CLANG_ANALYZER_NUMBER_OBJECT_CONVERSION = YES_AGGRESSIVE;
				CLANG_CXX_LANGUAGE_STANDARD = "gnu++14";
				CLANG_CXX_LIBRARY = "libc++";
				CLANG_ENABLE_MODULES = YES;
				CLANG_ENABLE_OBJC_ARC = YES;
				CLANG_WARN_BLOCK_CAPTURE_AUTORELEASING = YES;
				CLANG_WARN_BOOL_CONVERSION = YES;
				CLANG_WARN_COMMA = YES;
				CLANG_WARN_CONSTANT_CONVERSION = YES;
				CLANG_WARN_DIRECT_OBJC_ISA_USAGE = YES_ERROR;
				CLANG_WARN_DOCUMENTATION_COMMENTS = YES;
				CLANG_WARN_EMPTY_BODY = YES;
				CLANG_WARN_ENUM_CONVERSION = YES;
				CLANG_WARN_INFINITE_RECURSION = YES;
				CLANG_WARN_INT_CONVERSION = YES;
				CLANG_WARN_NON_LITERAL_NULL_CONVERSION = YES;
				CLANG_WARN_OBJC_LITERAL_CONVERSION = YES;
				CLANG_WARN_OBJC_ROOT_CLASS = YES_ERROR;
				CLANG_WARN_RANGE_LOOP_ANALYSIS = YES;
				CLANG_WARN_STRICT_PROTOTYPES = YES;
				CLANG_WARN_SUSPICIOUS_MOVE = YES;
				CLANG_WARN_UNGUARDED_AVAILABILITY = YES_AGGRESSIVE;
				CLANG_WARN_UNREACHABLE_CODE = YES;
				CLANG_WARN__DUPLICATE_METHOD_MATCH = YES;
				CODE_SIGN_IDENTITY = "-";
				COPY_PHASE_STRIP = NO;
				DEBUG_INFORMATION_FORMAT = "dwarf-with-dsym";
				ENABLE_NS_ASSERTIONS = NO;
				ENABLE_STRICT_OBJC_MSGSEND = YES;
				GCC_C_LANGUAGE_STANDARD = gnu11;
				GCC_NO_COMMON_BLOCKS = YES;
				GCC_WARN_64_TO_32_BIT_CONVERSION = YES;
				GCC_WARN_ABOUT_RETURN_TYPE = YES_ERROR;
				GCC_WARN_UNDECLARED_SELECTOR = YES;
				GCC_WARN_UNINITIALIZED_AUTOS = YES_AGGRESSIVE;
				GCC_WARN_UNUSED_FUNCTION = YES;
				GCC_WARN_UNUSED_VARIABLE = YES;
				HEADER_SEARCH_PATHS = /usr/local/include/GroundBase/;
				LIBRARY_SEARCH_PATHS = /usr/local/lib/;
				MACOSX_DEPLOYMENT_TARGET = 10.13;
				MTL_ENABLE_DEBUG_INFO = NO;
				SDKROOT = macosx;
			};
			name = Release;
		};
		59AB111A2006323E0030AFC0 /* Debug */ = {
			isa = XCBuildConfiguration;
			buildSettings = {
				CODE_SIGN_STYLE = Automatic;
				PRODUCT_NAME = "$(TARGET_NAME)";
			};
			name = Debug;
		};
		59AB111B2006323E0030AFC0 /* Release */ = {
			isa = XCBuildConfiguration;
			buildSettings = {
				CODE_SIGN_STYLE = Automatic;
				PRODUCT_NAME = "$(TARGET_NAME)";
			};
			name = Release;
		};
/* End XCBuildConfiguration section */

/* Begin XCConfigurationList section */
		59AB110D2006323E0030AFC0 /* Build configuration list for PBXProject "TurtleBotController" */ = {
			isa = XCConfigurationList;
			buildConfigurations = (
				59AB11172006323E0030AFC0 /* Debug */,
				59AB11182006323E0030AFC0 /* Release */,
			);
			defaultConfigurationIsVisible = 0;
			defaultConfigurationName = Release;
		};
		59AB11192006323E0030AFC0 /* Build configuration list for PBXNativeTarget "TurtleBotController" */ = {
			isa = XCConfigurationList;
			buildConfigurations = (
				59AB111A2006323E0030AFC0 /* Debug */,
				59AB111B2006323E0030AFC0 /* Release */,
			);
			defaultConfigurationIsVisible = 0;
			defaultConfigurationName = Release;
		};
/* End XCConfigurationList section */
	};
	rootObject = 59AB110A2006323E0030AFC0 /* Project object */;
}
